
Microsoft Visual Studio Solution File, Format Version 12.00
# Visual Studio Version 17
VisualStudioVersion = 17.8.34330.188
MinimumVisualStudioVersion = 10.0.40219.1
Project("{FAE04EC0-301F-11D3-BF4B-00C04F79EFBC}") = "Api.Render", "Api.Render\Api.Render.csproj", "{649B0EF7-E6DE-4591-B25E-DC769943A709}"
EndProject
Global
	GlobalSection(SolutionConfigurationPlatforms) = preSolution
		Debug|Any CPU = Debug|Any CPU
		Release|Any CPU = Release|Any CPU
	EndGlobalSection
	GlobalSection(ProjectConfigurationPlatforms) = postSolution
		{649B0EF7-E6DE-4591-B25E-DC769943A709}.Debug|Any CPU.ActiveCfg = Debug|Any CPU
		{649B0EF7-E6DE-4591-B25E-DC769943A709}.Debug|Any CPU.Build.0 = Debug|Any CPU
		{649B0EF7-E6DE-4591-B25E-DC769943A709}.Release|Any CPU.ActiveCfg = Release|Any CPU
		{649B0EF7-E6DE-4591-B25E-DC769943A709}.Release|Any CPU.Build.0 = Release|Any CPU
	EndGlobalSection
	GlobalSection(SolutionProperties) = preSolution
		HideSolutionNode = FALSE
	EndGlobalSection
	GlobalSection(ExtensibilityGlobals) = postSolution
		SolutionGuid = {62B592DF-210E-4DF1-8C5A-1DB597B66589}
	EndGlobalSection
EndGlobal
